// !$*UTF8*$!
{
	archiveVersion = 1;
	classes = {
	};
	objectVersion = 46;
	objects = {

/* Begin PBXBuildFile section */
		C50221B51937CAB700ABB796 /* Foundation.framework in Frameworks */ = {isa = PBXBuildFile; fileRef = C50221B41937CAB700ABB796 /* Foundation.framework */; };
		C50221B71937CAB700ABB796 /* CoreGraphics.framework in Frameworks */ = {isa = PBXBuildFile; fileRef = C50221B61937CAB700ABB796 /* CoreGraphics.framework */; };
		C50221B91937CAB700ABB796 /* UIKit.framework in Frameworks */ = {isa = PBXBuildFile; fileRef = C50221B81937CAB700ABB796 /* UIKit.framework */; };
		C50221BF1937CAB700ABB796 /* InfoPlist.strings in Resources */ = {isa = PBXBuildFile; fileRef = C50221BD1937CAB700ABB796 /* InfoPlist.strings */; };
		C50221C11937CAB700ABB796 /* main.m in Sources */ = {isa = PBXBuildFile; fileRef = C50221C01937CAB700ABB796 /* main.m */; };
		C50221C51937CAB700ABB796 /* CCAppDelegate.m in Sources */ = {isa = PBXBuildFile; fileRef = C50221C41937CAB700ABB796 /* CCAppDelegate.m */; };
		C50221C81937CAB700ABB796 /* Main.storyboard in Resources */ = {isa = PBXBuildFile; fileRef = C50221C61937CAB700ABB796 /* Main.storyboard */; };
		C50221CB1937CAB700ABB796 /* CCViewController.m in Sources */ = {isa = PBXBuildFile; fileRef = C50221CA1937CAB700ABB796 /* CCViewController.m */; };
		C50221CD1937CAB700ABB796 /* Images.xcassets in Resources */ = {isa = PBXBuildFile; fileRef = C50221CC1937CAB700ABB796 /* Images.xcassets */; };
		C50221D41937CAB700ABB796 /* XCTest.framework in Frameworks */ = {isa = PBXBuildFile; fileRef = C50221D31937CAB700ABB796 /* XCTest.framework */; };
		C50221D51937CAB700ABB796 /* Foundation.framework in Frameworks */ = {isa = PBXBuildFile; fileRef = C50221B41937CAB700ABB796 /* Foundation.framework */; };
		C50221D61937CAB700ABB796 /* UIKit.framework in Frameworks */ = {isa = PBXBuildFile; fileRef = C50221B81937CAB700ABB796 /* UIKit.framework */; };
		C50221DE1937CAB700ABB796 /* InfoPlist.strings in Resources */ = {isa = PBXBuildFile; fileRef = C50221DC1937CAB700ABB796 /* InfoPlist.strings */; };
		C50221E01937CAB700ABB796 /* GitTestTests.m in Sources */ = {isa = PBXBuildFile; fileRef = C50221DF1937CAB700ABB796 /* GitTestTests.m */; };
/* End PBXBuildFile section */

/* Begin PBXContainerItemProxy section */
		C50221D71937CAB700ABB796 /* PBXContainerItemProxy */ = {
			isa = PBXContainerItemProxy;
			containerPortal = C50221A91937CAB700ABB796 /* Project object */;
			proxyType = 1;
			remoteGlobalIDString = C50221B01937CAB700ABB796;
			remoteInfo = GitTest;
		};
/* End PBXContainerItemProxy section */

/* Begin PBXFileReference section */
		C50221B11937CAB700ABB796 /* GitTest.app */ = {isa = PBXFileReference; explicitFileType = wrapper.application; includeInIndex = 0; path = GitTest.app; sourceTree = BUILT_PRODUCTS_DIR; };
		C50221B41937CAB700ABB796 /* Foundation.framework */ = {isa = PBXFileReference; lastKnownFileType = wrapper.framework; name = Foundation.framework; path = System/Library/Frameworks/Foundation.framework; sourceTree = SDKROOT; };
		C50221B61937CAB700ABB796 /* CoreGraphics.framework */ = {isa = PBXFileReference; lastKnownFileType = wrapper.framework; name = CoreGraphics.framework; path = System/Library/Frameworks/CoreGraphics.framework; sourceTree = SDKROOT; };
		C50221B81937CAB700ABB796 /* UIKit.framework */ = {isa = PBXFileReference; lastKnownFileType = wrapper.framework; name = UIKit.framework; path = System/Library/Frameworks/UIKit.framework; sourceTree = SDKROOT; };
		C50221BC1937CAB700ABB796 /* GitTest-Info.plist */ = {isa = PBXFileReference; lastKnownFileType = text.plist.xml; path = "GitTest-Info.plist"; sourceTree = "<group>"; };
		C50221BE1937CAB700ABB796 /* en */ = {isa = PBXFileReference; lastKnownFileType = text.plist.strings; name = en; path = en.lproj/InfoPlist.strings; sourceTree = "<group>"; };
		C50221C01937CAB700ABB796 /* main.m */ = {isa = PBXFileReference; lastKnownFileType = sourcecode.c.objc; path = main.m; sourceTree = "<group>"; };
		C50221C21937CAB700ABB796 /* GitTest-Prefix.pch */ = {isa = PBXFileReference; lastKnownFileType = sourcecode.c.h; path = "GitTest-Prefix.pch"; sourceTree = "<group>"; };
		C50221C31937CAB700ABB796 /* CCAppDelegate.h */ = {isa = PBXFileReference; lastKnownFileType = sourcecode.c.h; path = CCAppDelegate.h; sourceTree = "<group>"; };
		C50221C41937CAB700ABB796 /* CCAppDelegate.m */ = {isa = PBXFileReference; lastKnownFileType = sourcecode.c.objc; path = CCAppDelegate.m; sourceTree = "<group>"; };
		C50221C71937CAB700ABB796 /* Base */ = {isa = PBXFileReference; lastKnownFileType = file.storyboard; name = Base; path = Base.lproj/Main.storyboard; sourceTree = "<group>"; };
		C50221C91937CAB700ABB796 /* CCViewController.h */ = {isa = PBXFileReference; lastKnownFileType = sourcecode.c.h; path = CCViewController.h; sourceTree = "<group>"; };
		C50221CA1937CAB700ABB796 /* CCViewController.m */ = {isa = PBXFileReference; lastKnownFileType = sourcecode.c.objc; path = CCViewController.m; sourceTree = "<group>"; };
		C50221CC1937CAB700ABB796 /* Images.xcassets */ = {isa = PBXFileReference; lastKnownFileType = folder.assetcatalog; path = Images.xcassets; sourceTree = "<group>"; };
		C50221D21937CAB700ABB796 /* GitTestTests.xctest */ = {isa = PBXFileReference; explicitFileType = wrapper.cfbundle; includeInIndex = 0; path = GitTestTests.xctest; sourceTree = BUILT_PRODUCTS_DIR; };
		C50221D31937CAB700ABB796 /* XCTest.framework */ = {isa = PBXFileReference; lastKnownFileType = wrapper.framework; name = XCTest.framework; path = Library/Frameworks/XCTest.framework; sourceTree = DEVELOPER_DIR; };
		C50221DB1937CAB700ABB796 /* GitTestTests-Info.plist */ = {isa = PBXFileReference; lastKnownFileType = text.plist.xml; path = "GitTestTests-Info.plist"; sourceTree = "<group>"; };
		C50221DD1937CAB700ABB796 /* en */ = {isa = PBXFileReference; lastKnownFileType = text.plist.strings; name = en; path = en.lproj/InfoPlist.strings; sourceTree = "<group>"; };
		C50221DF1937CAB700ABB796 /* GitTestTests.m */ = {isa = PBXFileReference; lastKnownFileType = sourcecode.c.objc; path = GitTestTests.m; sourceTree = "<group>"; };
/* End PBXFileReference section */

/* Begin PBXFrameworksBuildPhase section */
		C50221AE1937CAB700ABB796 /* Frameworks */ = {
			isa = PBXFrameworksBuildPhase;
			buildActionMask = 2147483647;
			files = (
				C50221B71937CAB700ABB796 /* CoreGraphics.framework in Frameworks */,
				C50221B91937CAB700ABB796 /* UIKit.framework in Frameworks */,
				C50221B51937CAB700ABB796 /* Foundation.framework in Frameworks */,
			);
			runOnlyForDeploymentPostprocessing = 0;
		};
		C50221CF1937CAB700ABB796 /* Frameworks */ = {
			isa = PBXFrameworksBuildPhase;
			buildActionMask = 2147483647;
			files = (
				C50221D41937CAB700ABB796 /* XCTest.framework in Frameworks */,
				C50221D61937CAB700ABB796 /* UIKit.framework in Frameworks */,
				C50221D51937CAB700ABB796 /* Foundation.framework in Frameworks */,
			);
			runOnlyForDeploymentPostprocessing = 0;
		};
/* End PBXFrameworksBuildPhase section */

/* Begin PBXGroup section */
		C50221A81937CAB700ABB796 = {
			isa = PBXGroup;
			children = (
				C50221BA1937CAB700ABB796 /* GitTest */,
				C50221D91937CAB700ABB796 /* GitTestTests */,
				C50221B31937CAB700ABB796 /* Frameworks */,
				C50221B21937CAB700ABB796 /* Products */,
			);
			sourceTree = "<group>";
		};
		C50221B21937CAB700ABB796 /* Products */ = {
			isa = PBXGroup;
			children = (
				C50221B11937CAB700ABB796 /* GitTest.app */,
				C50221D21937CAB700ABB796 /* GitTestTests.xctest */,
			);
			name = Products;
			sourceTree = "<group>";
		};
		C50221B31937CAB700ABB796 /* Frameworks */ = {
			isa = PBXGroup;
			children = (
				C50221B41937CAB700ABB796 /* Foundation.framework */,
				C50221B61937CAB700ABB796 /* CoreGraphics.framework */,
				C50221B81937CAB700ABB796 /* UIKit.framework */,
				C50221D31937CAB700ABB796 /* XCTest.framework */,
			);
			name = Frameworks;
			sourceTree = "<group>";
		};
		C50221BA1937CAB700ABB796 /* GitTest */ = {
			isa = PBXGroup;
			children = (
				C50221C31937CAB700ABB796 /* CCAppDelegate.h */,
				C50221C41937CAB700ABB796 /* CCAppDelegate.m */,
				C50221C61937CAB700ABB796 /* Main.storyboard */,
				C50221C91937CAB700ABB796 /* CCViewController.h */,
				C50221CA1937CAB700ABB796 /* CCViewController.m */,
				C50221CC1937CAB700ABB796 /* Images.xcassets */,
				C50221BB1937CAB700ABB796 /* Supporting Files */,
			);
			path = GitTest;
			sourceTree = "<group>";
		};
		C50221BB1937CAB700ABB796 /* Supporting Files */ = {
			isa = PBXGroup;
			children = (
				C50221BC1937CAB700ABB796 /* GitTest-Info.plist */,
				C50221BD1937CAB700ABB796 /* InfoPlist.strings */,
				C50221C01937CAB700ABB796 /* main.m */,
				C50221C21937CAB700ABB796 /* GitTest-Prefix.pch */,
			);
			name = "Supporting Files";
			sourceTree = "<group>";
		};
		C50221D91937CAB700ABB796 /* GitTestTests */ = {
			isa = PBXGroup;
			children = (
				C50221DF1937CAB700ABB796 /* GitTestTests.m */,
				C50221DA1937CAB700ABB796 /* Supporting Files */,
			);
			path = GitTestTests;
			sourceTree = "<group>";
		};
		C50221DA1937CAB700ABB796 /* Supporting Files */ = {
			isa = PBXGroup;
			children = (
				C50221DB1937CAB700ABB796 /* GitTestTests-Info.plist */,
				C50221DC1937CAB700ABB796 /* InfoPlist.strings */,
			);
			name = "Supporting Files";
			sourceTree = "<group>";
		};
/* End PBXGroup section */

/* Begin PBXNativeTarget section */
		C50221B01937CAB700ABB796 /* GitTest */ = {
			isa = PBXNativeTarget;
			buildConfigurationList = C50221E31937CAB700ABB796 /* Build configuration list for PBXNativeTarget "GitTest" */;
			buildPhases = (
				C50221AD1937CAB700ABB796 /* Sources */,
				C50221AE1937CAB700ABB796 /* Frameworks */,
				C50221AF1937CAB700ABB796 /* Resources */,
			);
			buildRules = (
			);
			dependencies = (
			);
			name = GitTest;
			productName = GitTest;
			productReference = C50221B11937CAB700ABB796 /* GitTest.app */;
			productType = "com.apple.product-type.application";
		};
		C50221D11937CAB700ABB796 /* GitTestTests */ = {
			isa = PBXNativeTarget;
			buildConfigurationList = C50221E61937CAB700ABB796 /* Build configuration list for PBXNativeTarget "GitTestTests" */;
			buildPhases = (
				C50221CE1937CAB700ABB796 /* Sources */,
				C50221CF1937CAB700ABB796 /* Frameworks */,
				C50221D01937CAB700ABB796 /* Resources */,
			);
			buildRules = (
			);
			dependencies = (
				C50221D81937CAB700ABB796 /* PBXTargetDependency */,
			);
			name = GitTestTests;
			productName = GitTestTests;
			productReference = C50221D21937CAB700ABB796 /* GitTestTests.xctest */;
			productType = "com.apple.product-type.bundle.unit-test";
		};
/* End PBXNativeTarget section */

/* Begin PBXProject section */
		C50221A91937CAB700ABB796 /* Project object */ = {
			isa = PBXProject;
			attributes = {
				CLASSPREFIX = CC;
				LastUpgradeCheck = 0510;
				ORGANIZATIONNAME = "___FULLUSERNAME___";
				TargetAttributes = {
					C50221B01937CAB700ABB796 = {
						DevelopmentTeam = 6527TG2TR7;
					};
					C50221D11937CAB700ABB796 = {
						TestTargetID = C50221B01937CAB700ABB796;
					};
				};
			};
			buildConfigurationList = C50221AC1937CAB700ABB796 /* Build configuration list for PBXProject "GitTest" */;
			compatibilityVersion = "Xcode 3.2";
			developmentRegion = English;
			hasScannedForEncodings = 0;
			knownRegions = (
				en,
				Base,
			);
			mainGroup = C50221A81937CAB700ABB796;
			productRefGroup = C50221B21937CAB700ABB796 /* Products */;
			projectDirPath = "";
			projectRoot = "";
			targets = (
				C50221B01937CAB700ABB796 /* GitTest */,
				C50221D11937CAB700ABB796 /* GitTestTests */,
			);
		};
/* End PBXProject section */

/* Begin PBXResourcesBuildPhase section */
		C50221AF1937CAB700ABB796 /* Resources */ = {
			isa = PBXResourcesBuildPhase;
			buildActionMask = 2147483647;
			files = (
				C50221CD1937CAB700ABB796 /* Images.xcassets in Resources */,
				C50221BF1937CAB700ABB796 /* InfoPlist.strings in Resources */,
				C50221C81937CAB700ABB796 /* Main.storyboard in Resources */,
			);
			runOnlyForDeploymentPostprocessing = 0;
		};
		C50221D01937CAB700ABB796 /* Resources */ = {
			isa = PBXResourcesBuildPhase;
			buildActionMask = 2147483647;
			files = (
				C50221DE1937CAB700ABB796 /* InfoPlist.strings in Resources */,
			);
			runOnlyForDeploymentPostprocessing = 0;
		};
/* End PBXResourcesBuildPhase section */

/* Begin PBXSourcesBuildPhase section */
		C50221AD1937CAB700ABB796 /* Sources */ = {
			isa = PBXSourcesBuildPhase;
			buildActionMask = 2147483647;
			files = (
				C50221C51937CAB700ABB796 /* CCAppDelegate.m in Sources */,
				C50221C11937CAB700ABB796 /* main.m in Sources */,
				C50221CB1937CAB700ABB796 /* CCViewController.m in Sources */,
			);
			runOnlyForDeploymentPostprocessing = 0;
		};
		C50221CE1937CAB700ABB796 /* Sources */ = {
			isa = PBXSourcesBuildPhase;
			buildActionMask = 2147483647;
			files = (
				C50221E01937CAB700ABB796 /* GitTestTests.m in Sources */,
			);
			runOnlyForDeploymentPostprocessing = 0;
		};
/* End PBXSourcesBuildPhase section */

/* Begin PBXTargetDependency section */
		C50221D81937CAB700ABB796 /* PBXTargetDependency */ = {
			isa = PBXTargetDependency;
			target = C50221B01937CAB700ABB796 /* GitTest */;
			targetProxy = C50221D71937CAB700ABB796 /* PBXContainerItemProxy */;
		};
/* End PBXTargetDependency section */

/* Begin PBXVariantGroup section */
		C50221BD1937CAB700ABB796 /* InfoPlist.strings */ = {
			isa = PBXVariantGroup;
			children = (
				C50221BE1937CAB700ABB796 /* en */,
			);
			name = InfoPlist.strings;
			sourceTree = "<group>";
		};
		C50221C61937CAB700ABB796 /* Main.storyboard */ = {
			isa = PBXVariantGroup;
			children = (
				C50221C71937CAB700ABB796 /* Base */,
			);
			name = Main.storyboard;
			sourceTree = "<group>";
		};
		C50221DC1937CAB700ABB796 /* InfoPlist.strings */ = {
			isa = PBXVariantGroup;
			children = (
				C50221DD1937CAB700ABB796 /* en */,
			);
			name = InfoPlist.strings;
			sourceTree = "<group>";
		};
/* End PBXVariantGroup section */

/* Begin XCBuildConfiguration section */
		C50221E11937CAB700ABB796 /* Debug */ = {
			isa = XCBuildConfiguration;
			buildSettings = {
				ALWAYS_SEARCH_USER_PATHS = NO;
				CLANG_CXX_LANGUAGE_STANDARD = "gnu++0x";
				CLANG_CXX_LIBRARY = "libc++";
				CLANG_ENABLE_MODULES = YES;
				CLANG_ENABLE_OBJC_ARC = YES;
				CLANG_WARN_BOOL_CONVERSION = YES;
				CLANG_WARN_CONSTANT_CONVERSION = YES;
				CLANG_WARN_DIRECT_OBJC_ISA_USAGE = YES_ERROR;
				CLANG_WARN_EMPTY_BODY = YES;
				CLANG_WARN_ENUM_CONVERSION = YES;
				CLANG_WARN_INT_CONVERSION = YES;
				CLANG_WARN_OBJC_ROOT_CLASS = YES_ERROR;
				CLANG_WARN__DUPLICATE_METHOD_MATCH = YES;
				"CODE_SIGN_IDENTITY[sdk=iphoneos*]" = "iPhone Developer";
				COPY_PHASE_STRIP = NO;
				GCC_C_LANGUAGE_STANDARD = gnu99;
				GCC_DYNAMIC_NO_PIC = NO;
				GCC_OPTIMIZATION_LEVEL = 0;
				GCC_PREPROCESSOR_DEFINITIONS = (
					"DEBUG=1",
					"$(inherited)",
				);
				GCC_SYMBOLS_PRIVATE_EXTERN = NO;
				GCC_WARN_64_TO_32_BIT_CONVERSION = YES;
				GCC_WARN_ABOUT_RETURN_TYPE = YES_ERROR;
				GCC_WARN_UNDECLARED_SELECTOR = YES;
				GCC_WARN_UNINITIALIZED_AUTOS = YES_AGGRESSIVE;
				GCC_WARN_UNUSED_FUNCTION = YES;
				GCC_WARN_UNUSED_VARIABLE = YES;
				IPHONEOS_DEPLOYMENT_TARGET = 7.1;
				ONLY_ACTIVE_ARCH = YES;
				SDKROOT = iphoneos;
			};
			name = Debug;
		};
		C50221E21937CAB700ABB796 /* Release */ = {
			isa = XCBuildConfiguration;
			buildSettings = {
				ALWAYS_SEARCH_USER_PATHS = NO;
				CLANG_CXX_LANGUAGE_STANDARD = "gnu++0x";
				CLANG_CXX_LIBRARY = "libc++";
				CLANG_ENABLE_MODULES = YES;
				CLANG_ENABLE_OBJC_ARC = YES;
				CLANG_WARN_BOOL_CONVERSION = YES;
				CLANG_WARN_CONSTANT_CONVERSION = YES;
				CLANG_WARN_DIRECT_OBJC_ISA_USAGE = YES_ERROR;
				CLANG_WARN_EMPTY_BODY = YES;
				CLANG_WARN_ENUM_CONVERSION = YES;
				CLANG_WARN_INT_CONVERSION = YES;
				CLANG_WARN_OBJC_ROOT_CLASS = YES_ERROR;
				CLANG_WARN__DUPLICATE_METHOD_MATCH = YES;
				"CODE_SIGN_IDENTITY[sdk=iphoneos*]" = "iPhone Developer";
				COPY_PHASE_STRIP = YES;
				ENABLE_NS_ASSERTIONS = NO;
				GCC_C_LANGUAGE_STANDARD = gnu99;
				GCC_WARN_64_TO_32_BIT_CONVERSION = YES;
				GCC_WARN_ABOUT_RETURN_TYPE = YES_ERROR;
				GCC_WARN_UNDECLARED_SELECTOR = YES;
				GCC_WARN_UNINITIALIZED_AUTOS = YES_AGGRESSIVE;
				GCC_WARN_UNUSED_FUNCTION = YES;
				GCC_WARN_UNUSED_VARIABLE = YES;
				IPHONEOS_DEPLOYMENT_TARGET = 7.1;
				SDKROOT = iphoneos;
				VALIDATE_PRODUCT = YES;
			};
			name = Release;
		};
		C50221E41937CAB700ABB796 /* Debug */ = {
			isa = XCBuildConfiguration;
			buildSettings = {
				ASSETCATALOG_COMPILER_APPICON_NAME = AppIcon;
				ASSETCATALOG_COMPILER_LAUNCHIMAGE_NAME = LaunchImage;
				CODE_SIGN_IDENTITY = "iPhone Developer";
				GCC_PRECOMPILE_PREFIX_HEADER = YES;
				GCC_PREFIX_HEADER = "GitTest/GitTest-Prefix.pch";
				INFOPLIST_FILE = "GitTest/GitTest-Info.plist";
				PRODUCT_NAME = "$(TARGET_NAME)";
				WRAPPER_EXTENSION = app;
			};
			name = Debug;
		};
		C50221E51937CAB700ABB796 /* Release */ = {
			isa = XCBuildConfiguration;
			buildSettings = {
				ASSETCATALOG_COMPILER_APPICON_NAME = AppIcon;
				ASSETCATALOG_COMPILER_LAUNCHIMAGE_NAME = LaunchImage;
				CODE_SIGN_IDENTITY = "iPhone Developer";
				GCC_PRECOMPILE_PREFIX_HEADER = YES;
				GCC_PREFIX_HEADER = "GitTest/GitTest-Prefix.pch";
				INFOPLIST_FILE = "GitTest/GitTest-Info.plist";
				PRODUCT_NAME = "$(TARGET_NAME)";
				WRAPPER_EXTENSION = app;
			};
			name = Release;
		};
		C50221E71937CAB700ABB796 /* Debug */ = {
			isa = XCBuildConfiguration;
			buildSettings = {
				BUNDLE_LOADER = "$(BUILT_PRODUCTS_DIR)/GitTest.app/GitTest";
				FRAMEWORK_SEARCH_PATHS = (
					"$(SDKROOT)/Developer/Library/Frameworks",
					"$(inherited)",
					"$(DEVELOPER_FRAMEWORKS_DIR)",
				);
				GCC_PRECOMPILE_PREFIX_HEADER = YES;
				GCC_PREFIX_HEADER = "GitTest/GitTest-Prefix.pch";
				GCC_PREPROCESSOR_DEFINITIONS = (
					"DEBUG=1",
					"$(inherited)",
				);
				INFOPLIST_FILE = "GitTestTests/GitTestTests-Info.plist";
				PRODUCT_NAME = "$(TARGET_NAME)";
				TEST_HOST = "$(BUNDLE_LOADER)";
				WRAPPER_EXTENSION = xctest;
			};
			name = Debug;
		};
		C50221E81937CAB700ABB796 /* Release */ = {
			isa = XCBuildConfiguration;
			buildSettings = {
				BUNDLE_LOADER = "$(BUILT_PRODUCTS_DIR)/GitTest.app/GitTest";
				FRAMEWORK_SEARCH_PATHS = (
					"$(SDKROOT)/Developer/Library/Frameworks",
					"$(inherited)",
					"$(DEVELOPER_FRAMEWORKS_DIR)",
				);
				GCC_PRECOMPILE_PREFIX_HEADER = YES;
				GCC_PREFIX_HEADER = "GitTest/GitTest-Prefix.pch";
				INFOPLIST_FILE = "GitTestTests/GitTestTests-Info.plist";
				PRODUCT_NAME = "$(TARGET_NAME)";
				TEST_HOST = "$(BUNDLE_LOADER)";
				WRAPPER_EXTENSION = xctest;
			};
			name = Release;
		};
/* End XCBuildConfiguration section */

/* Begin XCConfigurationList section */
		C50221AC1937CAB700ABB796 /* Build configuration list for PBXProject "GitTest" */ = {
			isa = XCConfigurationList;
			buildConfigurations = (
				C50221E11937CAB700ABB796 /* Debug */,
				C50221E21937CAB700ABB796 /* Release */,
			);
			defaultConfigurationIsVisible = 0;
			defaultConfigurationName = Release;
		};
		C50221E31937CAB700ABB796 /* Build configuration list for PBXNativeTarget "GitTest" */ = {
			isa = XCConfigurationList;
			buildConfigurations = (
				C50221E41937CAB700ABB796 /* Debug */,
				C50221E51937CAB700ABB796 /* Release */,
			);
			defaultConfigurationIsVisible = 0;
		};
		C50221E61937CAB700ABB796 /* Build configuration list for PBXNativeTarget "GitTestTests" */ = {
			isa = XCConfigurationList;
			buildConfigurations = (
				C50221E71937CAB700ABB796 /* Debug */,
				C50221E81937CAB700ABB796 /* Release */,
			);
			defaultConfigurationIsVisible = 0;
		};
/* End XCConfigurationList section */
	};
	rootObject = C50221A91937CAB700ABB796 /* Project object */;
}
